// !$*UTF8*$!
{
	archiveVersion = 1;
	classes = {
	};
	objectVersion = 51;
	objects = {

/* Begin PBXBuildFile section */
		41749815C2C91E82122C0496 /* Pods_TaskManagerDOIT.framework in Frameworks */ = {isa = PBXBuildFile; fileRef = 3ECA39D297DEFD107E85E08A /* Pods_TaskManagerDOIT.framework */; };
		572DB4E4233EF74B00D049DE /* MainNavigationController.swift in Sources */ = {isa = PBXBuildFile; fileRef = 572DB4E3233EF74A00D049DE /* MainNavigationController.swift */; };
		572DB4E8233F007400D049DE /* NetworkManager.swift in Sources */ = {isa = PBXBuildFile; fileRef = 572DB4E7233F007400D049DE /* NetworkManager.swift */; };
		572DB50C233F116100D049DE /* AuthViewController.swift in Sources */ = {isa = PBXBuildFile; fileRef = 572DB50B233F116100D049DE /* AuthViewController.swift */; };
		572DB50F233F122300D049DE /* BindableType.swift in Sources */ = {isa = PBXBuildFile; fileRef = 572DB50E233F122300D049DE /* BindableType.swift */; };
		572DB511233F12ED00D049DE /* AuthViewModel.swift in Sources */ = {isa = PBXBuildFile; fileRef = 572DB510233F12ED00D049DE /* AuthViewModel.swift */; };
		572DB513233F160100D049DE /* ProgrammableControllerType.swift in Sources */ = {isa = PBXBuildFile; fileRef = 572DB512233F160100D049DE /* ProgrammableControllerType.swift */; };
		572DB515233F162300D049DE /* Scene.swift in Sources */ = {isa = PBXBuildFile; fileRef = 572DB514233F162200D049DE /* Scene.swift */; };
		572DB517233FC7CC00D049DE /* AnyCodable.swift in Sources */ = {isa = PBXBuildFile; fileRef = 572DB516233FC7CC00D049DE /* AnyCodable.swift */; };
		572DB51923403DD800D049DE /* IOModel.swift in Sources */ = {isa = PBXBuildFile; fileRef = 572DB51823403DD800D049DE /* IOModel.swift */; };
		572DB51D2340506C00D049DE /* RxUnwrap.swift in Sources */ = {isa = PBXBuildFile; fileRef = 572DB51C2340506C00D049DE /* RxUnwrap.swift */; };
		572DB52023405B0300D049DE /* AuthService.swift in Sources */ = {isa = PBXBuildFile; fileRef = 572DB51F23405B0300D049DE /* AuthService.swift */; };
		577A6806233EEF0000AAEE33 /* AppDelegate.swift in Sources */ = {isa = PBXBuildFile; fileRef = 577A6805233EEF0000AAEE33 /* AppDelegate.swift */; };
		577A680D233EEF0100AAEE33 /* Assets.xcassets in Resources */ = {isa = PBXBuildFile; fileRef = 577A680C233EEF0100AAEE33 /* Assets.xcassets */; };
		577A6810233EEF0100AAEE33 /* LaunchScreen.storyboard in Resources */ = {isa = PBXBuildFile; fileRef = 577A680E233EEF0100AAEE33 /* LaunchScreen.storyboard */; };
/* End PBXBuildFile section */

/* Begin PBXFileReference section */
		3ECA39D297DEFD107E85E08A /* Pods_TaskManagerDOIT.framework */ = {isa = PBXFileReference; explicitFileType = wrapper.framework; includeInIndex = 0; path = Pods_TaskManagerDOIT.framework; sourceTree = BUILT_PRODUCTS_DIR; };
		4FBE2736063EDA84275EF156 /* Pods-TaskManagerDOIT.release.xcconfig */ = {isa = PBXFileReference; includeInIndex = 1; lastKnownFileType = text.xcconfig; name = "Pods-TaskManagerDOIT.release.xcconfig"; path = "Target Support Files/Pods-TaskManagerDOIT/Pods-TaskManagerDOIT.release.xcconfig"; sourceTree = "<group>"; };
		572DB4E3233EF74A00D049DE /* MainNavigationController.swift */ = {isa = PBXFileReference; lastKnownFileType = sourcecode.swift; path = MainNavigationController.swift; sourceTree = "<group>"; };
		572DB4E7233F007400D049DE /* NetworkManager.swift */ = {isa = PBXFileReference; lastKnownFileType = sourcecode.swift; path = NetworkManager.swift; sourceTree = "<group>"; };
		572DB50B233F116100D049DE /* AuthViewController.swift */ = {isa = PBXFileReference; lastKnownFileType = sourcecode.swift; path = AuthViewController.swift; sourceTree = "<group>"; };
		572DB50E233F122300D049DE /* BindableType.swift */ = {isa = PBXFileReference; lastKnownFileType = sourcecode.swift; path = BindableType.swift; sourceTree = "<group>"; };
		572DB510233F12ED00D049DE /* AuthViewModel.swift */ = {isa = PBXFileReference; lastKnownFileType = sourcecode.swift; path = AuthViewModel.swift; sourceTree = "<group>"; };
		572DB512233F160100D049DE /* ProgrammableControllerType.swift */ = {isa = PBXFileReference; lastKnownFileType = sourcecode.swift; path = ProgrammableControllerType.swift; sourceTree = "<group>"; };
		572DB514233F162200D049DE /* Scene.swift */ = {isa = PBXFileReference; lastKnownFileType = sourcecode.swift; path = Scene.swift; sourceTree = "<group>"; };
		572DB516233FC7CC00D049DE /* AnyCodable.swift */ = {isa = PBXFileReference; lastKnownFileType = sourcecode.swift; path = AnyCodable.swift; sourceTree = "<group>"; };
		572DB51823403DD800D049DE /* IOModel.swift */ = {isa = PBXFileReference; lastKnownFileType = sourcecode.swift; path = IOModel.swift; sourceTree = "<group>"; };
		572DB51C2340506C00D049DE /* RxUnwrap.swift */ = {isa = PBXFileReference; fileEncoding = 4; lastKnownFileType = sourcecode.swift; path = RxUnwrap.swift; sourceTree = "<group>"; };
		572DB51F23405B0300D049DE /* AuthService.swift */ = {isa = PBXFileReference; lastKnownFileType = sourcecode.swift; path = AuthService.swift; sourceTree = "<group>"; };
		577A6802233EEF0000AAEE33 /* TaskManagerDOIT.app */ = {isa = PBXFileReference; explicitFileType = wrapper.application; includeInIndex = 0; path = TaskManagerDOIT.app; sourceTree = BUILT_PRODUCTS_DIR; };
		577A6805233EEF0000AAEE33 /* AppDelegate.swift */ = {isa = PBXFileReference; lastKnownFileType = sourcecode.swift; path = AppDelegate.swift; sourceTree = "<group>"; };
		577A680C233EEF0100AAEE33 /* Assets.xcassets */ = {isa = PBXFileReference; lastKnownFileType = folder.assetcatalog; path = Assets.xcassets; sourceTree = "<group>"; };
		577A680F233EEF0100AAEE33 /* Base */ = {isa = PBXFileReference; lastKnownFileType = file.storyboard; name = Base; path = Base.lproj/LaunchScreen.storyboard; sourceTree = "<group>"; };
		577A6811233EEF0100AAEE33 /* Info.plist */ = {isa = PBXFileReference; lastKnownFileType = text.plist.xml; path = Info.plist; sourceTree = "<group>"; };
		9C89978FED19473883D702AF /* Pods-TaskManagerDOIT.debug.xcconfig */ = {isa = PBXFileReference; includeInIndex = 1; lastKnownFileType = text.xcconfig; name = "Pods-TaskManagerDOIT.debug.xcconfig"; path = "Target Support Files/Pods-TaskManagerDOIT/Pods-TaskManagerDOIT.debug.xcconfig"; sourceTree = "<group>"; };
/* End PBXFileReference section */

/* Begin PBXFrameworksBuildPhase section */
		577A67FF233EEF0000AAEE33 /* Frameworks */ = {
			isa = PBXFrameworksBuildPhase;
			buildActionMask = 2147483647;
			files = (
				41749815C2C91E82122C0496 /* Pods_TaskManagerDOIT.framework in Frameworks */,
			);
			runOnlyForDeploymentPostprocessing = 0;
		};
/* End PBXFrameworksBuildPhase section */

/* Begin PBXGroup section */
		04F15C67BF44643095F7DDA9 /* Frameworks */ = {
			isa = PBXGroup;
			children = (
				3ECA39D297DEFD107E85E08A /* Pods_TaskManagerDOIT.framework */,
			);
			name = Frameworks;
			sourceTree = "<group>";
		};
		572DB4DC233EF57700D049DE /* AppDelegate */ = {
			isa = PBXGroup;
			children = (
				577A6805233EEF0000AAEE33 /* AppDelegate.swift */,
			);
			path = AppDelegate;
			sourceTree = "<group>";
		};
		572DB4DD233EF59B00D049DE /* Helpers */ = {
			isa = PBXGroup;
			children = (
				572DB51C2340506C00D049DE /* RxUnwrap.swift */,
				572DB50E233F122300D049DE /* BindableType.swift */,
				572DB512233F160100D049DE /* ProgrammableControllerType.swift */,
				572DB514233F162200D049DE /* Scene.swift */,
				572DB516233FC7CC00D049DE /* AnyCodable.swift */,
			);
			path = Helpers;
			sourceTree = "<group>";
		};
		572DB4DE233EF5A700D049DE /* Resources */ = {
			isa = PBXGroup;
			children = (
				577A680C233EEF0100AAEE33 /* Assets.xcassets */,
				577A680E233EEF0100AAEE33 /* LaunchScreen.storyboard */,
				577A6811233EEF0100AAEE33 /* Info.plist */,
			);
			path = Resources;
			sourceTree = "<group>";
		};
		572DB4DF233EF5B600D049DE /* Controllers */ = {
			isa = PBXGroup;
			children = (
				572DB4E3233EF74A00D049DE /* MainNavigationController.swift */,
				572DB50B233F116100D049DE /* AuthViewController.swift */,
			);
			path = Controllers;
			sourceTree = "<group>";
		};
		572DB4E0233EF5C000D049DE /* Models */ = {
			isa = PBXGroup;
			children = (
				572DB51823403DD800D049DE /* IOModel.swift */,
				572DB510233F12ED00D049DE /* AuthViewModel.swift */,
			);
			path = Models;
			sourceTree = "<group>";
		};
		572DB4E1233EF5C400D049DE /* Views */ = {
			isa = PBXGroup;
			children = (
			);
			path = Views;
			sourceTree = "<group>";
		};
		572DB4E2233EF5C800D049DE /* Cells */ = {
			isa = PBXGroup;
			children = (
			);
			path = Cells;
			sourceTree = "<group>";
		};
		572DB51E23405AF600D049DE /* Services */ = {
			isa = PBXGroup;
			children = (
				572DB4E7233F007400D049DE /* NetworkManager.swift */,
				572DB51F23405B0300D049DE /* AuthService.swift */,
			);
			path = Services;
			sourceTree = "<group>";
		};
		577A67F9233EEF0000AAEE33 = {
			isa = PBXGroup;
			children = (
				577A6804233EEF0000AAEE33 /* TaskManagerDOIT */,
				577A6803233EEF0000AAEE33 /* Products */,
				DD194FD27BE598AC35E1209C /* Pods */,
				04F15C67BF44643095F7DDA9 /* Frameworks */,
			);
			sourceTree = "<group>";
		};
		577A6803233EEF0000AAEE33 /* Products */ = {
			isa = PBXGroup;
			children = (
				577A6802233EEF0000AAEE33 /* TaskManagerDOIT.app */,
			);
			name = Products;
			sourceTree = "<group>";
		};
		577A6804233EEF0000AAEE33 /* TaskManagerDOIT */ = {
			isa = PBXGroup;
			children = (
				572DB51E23405AF600D049DE /* Services */,
				572DB4DC233EF57700D049DE /* AppDelegate */,
				572DB4E2233EF5C800D049DE /* Cells */,
				572DB4E1233EF5C400D049DE /* Views */,
				572DB4E0233EF5C000D049DE /* Models */,
				572DB4DF233EF5B600D049DE /* Controllers */,
				572DB4DD233EF59B00D049DE /* Helpers */,
				572DB4DE233EF5A700D049DE /* Resources */,
			);
			path = TaskManagerDOIT;
			sourceTree = "<group>";
		};
		DD194FD27BE598AC35E1209C /* Pods */ = {
			isa = PBXGroup;
			children = (
				9C89978FED19473883D702AF /* Pods-TaskManagerDOIT.debug.xcconfig */,
				4FBE2736063EDA84275EF156 /* Pods-TaskManagerDOIT.release.xcconfig */,
			);
			path = Pods;
			sourceTree = "<group>";
		};
/* End PBXGroup section */

/* Begin PBXNativeTarget section */
		577A6801233EEF0000AAEE33 /* TaskManagerDOIT */ = {
			isa = PBXNativeTarget;
			buildConfigurationList = 577A6814233EEF0100AAEE33 /* Build configuration list for PBXNativeTarget "TaskManagerDOIT" */;
			buildPhases = (
				0B532D790C19C3218792A3A9 /* [CP] Check Pods Manifest.lock */,
				577A67FE233EEF0000AAEE33 /* Sources */,
				577A67FF233EEF0000AAEE33 /* Frameworks */,
				577A6800233EEF0000AAEE33 /* Resources */,
				8EC40D3A23BBABF82BB62406 /* [CP] Embed Pods Frameworks */,
			);
			buildRules = (
			);
			dependencies = (
			);
			name = TaskManagerDOIT;
			productName = TaskManagerDOIT;
			productReference = 577A6802233EEF0000AAEE33 /* TaskManagerDOIT.app */;
			productType = "com.apple.product-type.application";
		};
/* End PBXNativeTarget section */

/* Begin PBXProject section */
		577A67FA233EEF0000AAEE33 /* Project object */ = {
			isa = PBXProject;
			attributes = {
				LastSwiftUpdateCheck = 1030;
				LastUpgradeCheck = 1030;
				ORGANIZATIONNAME = "Yevhenii Veretennikov";
				TargetAttributes = {
					577A6801233EEF0000AAEE33 = {
						CreatedOnToolsVersion = 10.3;
					};
				};
			};
			buildConfigurationList = 577A67FD233EEF0000AAEE33 /* Build configuration list for PBXProject "TaskManagerDOIT" */;
			compatibilityVersion = "Xcode 9.3";
			developmentRegion = en;
			hasScannedForEncodings = 0;
			knownRegions = (
				en,
				Base,
			);
			mainGroup = 577A67F9233EEF0000AAEE33;
			productRefGroup = 577A6803233EEF0000AAEE33 /* Products */;
			projectDirPath = "";
			projectRoot = "";
			targets = (
				577A6801233EEF0000AAEE33 /* TaskManagerDOIT */,
			);
		};
/* End PBXProject section */

/* Begin PBXResourcesBuildPhase section */
		577A6800233EEF0000AAEE33 /* Resources */ = {
			isa = PBXResourcesBuildPhase;
			buildActionMask = 2147483647;
			files = (
				577A6810233EEF0100AAEE33 /* LaunchScreen.storyboard in Resources */,
				577A680D233EEF0100AAEE33 /* Assets.xcassets in Resources */,
			);
			runOnlyForDeploymentPostprocessing = 0;
		};
/* End PBXResourcesBuildPhase section */

/* Begin PBXShellScriptBuildPhase section */
		0B532D790C19C3218792A3A9 /* [CP] Check Pods Manifest.lock */ = {
			isa = PBXShellScriptBuildPhase;
			buildActionMask = 2147483647;
			files = (
			);
			inputFileListPaths = (
			);
			inputPaths = (
				"${PODS_PODFILE_DIR_PATH}/Podfile.lock",
				"${PODS_ROOT}/Manifest.lock",
			);
			name = "[CP] Check Pods Manifest.lock";
			outputFileListPaths = (
			);
			outputPaths = (
				"$(DERIVED_FILE_DIR)/Pods-TaskManagerDOIT-checkManifestLockResult.txt",
			);
			runOnlyForDeploymentPostprocessing = 0;
			shellPath = /bin/sh;
			shellScript = "diff \"${PODS_PODFILE_DIR_PATH}/Podfile.lock\" \"${PODS_ROOT}/Manifest.lock\" > /dev/null\nif [ $? != 0 ] ; then\n    # print error to STDERR\n    echo \"error: The sandbox is not in sync with the Podfile.lock. Run 'pod install' or update your CocoaPods installation.\" >&2\n    exit 1\nfi\n# This output is used by Xcode 'outputs' to avoid re-running this script phase.\necho \"SUCCESS\" > \"${SCRIPT_OUTPUT_FILE_0}\"\n";
			showEnvVarsInLog = 0;
		};
		8EC40D3A23BBABF82BB62406 /* [CP] Embed Pods Frameworks */ = {
			isa = PBXShellScriptBuildPhase;
			buildActionMask = 2147483647;
			files = (
			);
			inputFileListPaths = (
				"${PODS_ROOT}/Target Support Files/Pods-TaskManagerDOIT/Pods-TaskManagerDOIT-frameworks-${CONFIGURATION}-input-files.xcfilelist",
			);
			name = "[CP] Embed Pods Frameworks";
			outputFileListPaths = (
				"${PODS_ROOT}/Target Support Files/Pods-TaskManagerDOIT/Pods-TaskManagerDOIT-frameworks-${CONFIGURATION}-output-files.xcfilelist",
			);
			runOnlyForDeploymentPostprocessing = 0;
			shellPath = /bin/sh;
			shellScript = "\"${PODS_ROOT}/Target Support Files/Pods-TaskManagerDOIT/Pods-TaskManagerDOIT-frameworks.sh\"\n";
			showEnvVarsInLog = 0;
		};
/* End PBXShellScriptBuildPhase section */

/* Begin PBXSourcesBuildPhase section */
		577A67FE233EEF0000AAEE33 /* Sources */ = {
			isa = PBXSourcesBuildPhase;
			buildActionMask = 2147483647;
			files = (
				572DB50F233F122300D049DE /* BindableType.swift in Sources */,
				572DB50C233F116100D049DE /* AuthViewController.swift in Sources */,
				572DB513233F160100D049DE /* ProgrammableControllerType.swift in Sources */,
				572DB52023405B0300D049DE /* AuthService.swift in Sources */,
				572DB511233F12ED00D049DE /* AuthViewModel.swift in Sources */,
				572DB515233F162300D049DE /* Scene.swift in Sources */,
				572DB51923403DD800D049DE /* IOModel.swift in Sources */,
				572DB51D2340506C00D049DE /* RxUnwrap.swift in Sources */,
				572DB517233FC7CC00D049DE /* AnyCodable.swift in Sources */,
				572DB4E8233F007400D049DE /* NetworkManager.swift in Sources */,
				572DB4E4233EF74B00D049DE /* MainNavigationController.swift in Sources */,
				577A6806233EEF0000AAEE33 /* AppDelegate.swift in Sources */,
			);
			runOnlyForDeploymentPostprocessing = 0;
		};
/* End PBXSourcesBuildPhase section */

/* Begin PBXVariantGroup section */
		577A680E233EEF0100AAEE33 /* LaunchScreen.storyboard */ = {
			isa = PBXVariantGroup;
			children = (
				577A680F233EEF0100AAEE33 /* Base */,
			);
			name = LaunchScreen.storyboard;
			sourceTree = "<group>";
		};
/* End PBXVariantGroup section */

/* Begin XCBuildConfiguration section */
		577A6812233EEF0100AAEE33 /* Debug */ = {
			isa = XCBuildConfiguration;
			buildSettings = {
				ALWAYS_SEARCH_USER_PATHS = NO;
				CLANG_ANALYZER_NONNULL = YES;
				CLANG_ANALYZER_NUMBER_OBJECT_CONVERSION = YES_AGGRESSIVE;
				CLANG_CXX_LANGUAGE_STANDARD = "gnu++14";
				CLANG_CXX_LIBRARY = "libc++";
				CLANG_ENABLE_MODULES = YES;
				CLANG_ENABLE_OBJC_ARC = YES;
				CLANG_ENABLE_OBJC_WEAK = YES;
				CLANG_WARN_BLOCK_CAPTURE_AUTORELEASING = YES;
				CLANG_WARN_BOOL_CONVERSION = YES;
				CLANG_WARN_COMMA = YES;
				CLANG_WARN_CONSTANT_CONVERSION = YES;
				CLANG_WARN_DEPRECATED_OBJC_IMPLEMENTATIONS = YES;
				CLANG_WARN_DIRECT_OBJC_ISA_USAGE = YES_ERROR;
				CLANG_WARN_DOCUMENTATION_COMMENTS = YES;
				CLANG_WARN_EMPTY_BODY = YES;
				CLANG_WARN_ENUM_CONVERSION = YES;
				CLANG_WARN_INFINITE_RECURSION = YES;
				CLANG_WARN_INT_CONVERSION = YES;
				CLANG_WARN_NON_LITERAL_NULL_CONVERSION = YES;
				CLANG_WARN_OBJC_IMPLICIT_RETAIN_SELF = YES;
				CLANG_WARN_OBJC_LITERAL_CONVERSION = YES;
				CLANG_WARN_OBJC_ROOT_CLASS = YES_ERROR;
				CLANG_WARN_RANGE_LOOP_ANALYSIS = YES;
				CLANG_WARN_STRICT_PROTOTYPES = YES;
				CLANG_WARN_SUSPICIOUS_MOVE = YES;
				CLANG_WARN_UNGUARDED_AVAILABILITY = YES_AGGRESSIVE;
				CLANG_WARN_UNREACHABLE_CODE = YES;
				CLANG_WARN__DUPLICATE_METHOD_MATCH = YES;
				CODE_SIGN_IDENTITY = "iPhone Developer";
				COPY_PHASE_STRIP = NO;
				DEBUG_INFORMATION_FORMAT = dwarf;
				ENABLE_STRICT_OBJC_MSGSEND = YES;
				ENABLE_TESTABILITY = YES;
				GCC_C_LANGUAGE_STANDARD = gnu11;
				GCC_DYNAMIC_NO_PIC = NO;
				GCC_NO_COMMON_BLOCKS = YES;
				GCC_OPTIMIZATION_LEVEL = 0;
				GCC_PREPROCESSOR_DEFINITIONS = (
					"DEBUG=1",
					"$(inherited)",
				);
				GCC_WARN_64_TO_32_BIT_CONVERSION = YES;
				GCC_WARN_ABOUT_RETURN_TYPE = YES_ERROR;
				GCC_WARN_UNDECLARED_SELECTOR = YES;
				GCC_WARN_UNINITIALIZED_AUTOS = YES_AGGRESSIVE;
				GCC_WARN_UNUSED_FUNCTION = YES;
				GCC_WARN_UNUSED_VARIABLE = YES;
				IPHONEOS_DEPLOYMENT_TARGET = 10.0;
				MTL_ENABLE_DEBUG_INFO = INCLUDE_SOURCE;
				MTL_FAST_MATH = YES;
				ONLY_ACTIVE_ARCH = YES;
				SDKROOT = iphoneos;
				SWIFT_ACTIVE_COMPILATION_CONDITIONS = DEBUG;
				SWIFT_OPTIMIZATION_LEVEL = "-Onone";
				SWIFT_VERSION = 4.2;
			};
			name = Debug;
		};
		577A6813233EEF0100AAEE33 /* Release */ = {
			isa = XCBuildConfiguration;
			buildSettings = {
				ALWAYS_SEARCH_USER_PATHS = NO;
				CLANG_ANALYZER_NONNULL = YES;
				CLANG_ANALYZER_NUMBER_OBJECT_CONVERSION = YES_AGGRESSIVE;
				CLANG_CXX_LANGUAGE_STANDARD = "gnu++14";
				CLANG_CXX_LIBRARY = "libc++";
				CLANG_ENABLE_MODULES = YES;
				CLANG_ENABLE_OBJC_ARC = YES;
				CLANG_ENABLE_OBJC_WEAK = YES;
				CLANG_WARN_BLOCK_CAPTURE_AUTORELEASING = YES;
				CLANG_WARN_BOOL_CONVERSION = YES;
				CLANG_WARN_COMMA = YES;
				CLANG_WARN_CONSTANT_CONVERSION = YES;
				CLANG_WARN_DEPRECATED_OBJC_IMPLEMENTATIONS = YES;
				CLANG_WARN_DIRECT_OBJC_ISA_USAGE = YES_ERROR;
				CLANG_WARN_DOCUMENTATION_COMMENTS = YES;
				CLANG_WARN_EMPTY_BODY = YES;
				CLANG_WARN_ENUM_CONVERSION = YES;
				CLANG_WARN_INFINITE_RECURSION = YES;
				CLANG_WARN_INT_CONVERSION = YES;
				CLANG_WARN_NON_LITERAL_NULL_CONVERSION = YES;
				CLANG_WARN_OBJC_IMPLICIT_RETAIN_SELF = YES;
				CLANG_WARN_OBJC_LITERAL_CONVERSION = YES;
				CLANG_WARN_OBJC_ROOT_CLASS = YES_ERROR;
				CLANG_WARN_RANGE_LOOP_ANALYSIS = YES;
				CLANG_WARN_STRICT_PROTOTYPES = YES;
				CLANG_WARN_SUSPICIOUS_MOVE = YES;
				CLANG_WARN_UNGUARDED_AVAILABILITY = YES_AGGRESSIVE;
				CLANG_WARN_UNREACHABLE_CODE = YES;
				CLANG_WARN__DUPLICATE_METHOD_MATCH = YES;
				CODE_SIGN_IDENTITY = "iPhone Developer";
				COPY_PHASE_STRIP = NO;
				DEBUG_INFORMATION_FORMAT = "dwarf-with-dsym";
				ENABLE_NS_ASSERTIONS = NO;
				ENABLE_STRICT_OBJC_MSGSEND = YES;
				GCC_C_LANGUAGE_STANDARD = gnu11;
				GCC_NO_COMMON_BLOCKS = YES;
				GCC_WARN_64_TO_32_BIT_CONVERSION = YES;
				GCC_WARN_ABOUT_RETURN_TYPE = YES_ERROR;
				GCC_WARN_UNDECLARED_SELECTOR = YES;
				GCC_WARN_UNINITIALIZED_AUTOS = YES_AGGRESSIVE;
				GCC_WARN_UNUSED_FUNCTION = YES;
				GCC_WARN_UNUSED_VARIABLE = YES;
				IPHONEOS_DEPLOYMENT_TARGET = 10.0;
				MTL_ENABLE_DEBUG_INFO = NO;
				MTL_FAST_MATH = YES;
				SDKROOT = iphoneos;
				SWIFT_COMPILATION_MODE = wholemodule;
				SWIFT_OPTIMIZATION_LEVEL = "-O";
				SWIFT_VERSION = 4.2;
				VALIDATE_PRODUCT = YES;
			};
			name = Release;
		};
		577A6815233EEF0100AAEE33 /* Debug */ = {
			isa = XCBuildConfiguration;
			baseConfigurationReference = 9C89978FED19473883D702AF /* Pods-TaskManagerDOIT.debug.xcconfig */;
			buildSettings = {
				ASSETCATALOG_COMPILER_APPICON_NAME = AppIcon;
				CODE_SIGN_STYLE = Automatic;
				DEVELOPMENT_TEAM = 4K9UHWUGWY;
				INFOPLIST_FILE = "$(SRCROOT)/TaskManagerDOIT/Resources/Info.plist";
				IPHONEOS_DEPLOYMENT_TARGET = 10.0;
				LD_RUNPATH_SEARCH_PATHS = (
					"$(inherited)",
					"@executable_path/Frameworks",
				);
				PRODUCT_BUNDLE_IDENTIFIER = com.gmail.dev.yevheniiveretennikov.TaskManagerDOIT;
				PRODUCT_NAME = "$(TARGET_NAME)";
				SWIFT_VERSION = 4.2;
				TARGETED_DEVICE_FAMILY = 1;
			};
			name = Debug;
		};
		577A6816233EEF0100AAEE33 /* Release */ = {
			isa = XCBuildConfiguration;
			baseConfigurationReference = 4FBE2736063EDA84275EF156 /* Pods-TaskManagerDOIT.release.xcconfig */;
			buildSettings = {
				ASSETCATALOG_COMPILER_APPICON_NAME = AppIcon;
				CODE_SIGN_STYLE = Automatic;
				DEVELOPMENT_TEAM = 4K9UHWUGWY;
				INFOPLIST_FILE = "$(SRCROOT)/TaskManagerDOIT/Resources/Info.plist";
				IPHONEOS_DEPLOYMENT_TARGET = 10.0;
				LD_RUNPATH_SEARCH_PATHS = (
					"$(inherited)",
					"@executable_path/Frameworks",
				);
				PRODUCT_BUNDLE_IDENTIFIER = com.gmail.dev.yevheniiveretennikov.TaskManagerDOIT;
				PRODUCT_NAME = "$(TARGET_NAME)";
				SWIFT_VERSION = 4.2;
				TARGETED_DEVICE_FAMILY = 1;
			};
			name = Release;
		};
/* End XCBuildConfiguration section */

/* Begin XCConfigurationList section */
		577A67FD233EEF0000AAEE33 /* Build configuration list for PBXProject "TaskManagerDOIT" */ = {
			isa = XCConfigurationList;
			buildConfigurations = (
				577A6812233EEF0100AAEE33 /* Debug */,
				577A6813233EEF0100AAEE33 /* Release */,
			);
			defaultConfigurationIsVisible = 0;
			defaultConfigurationName = Release;
		};
		577A6814233EEF0100AAEE33 /* Build configuration list for PBXNativeTarget "TaskManagerDOIT" */ = {
			isa = XCConfigurationList;
			buildConfigurations = (
				577A6815233EEF0100AAEE33 /* Debug */,
				577A6816233EEF0100AAEE33 /* Release */,
			);
			defaultConfigurationIsVisible = 0;
			defaultConfigurationName = Release;
		};
/* End XCConfigurationList section */
	};
	rootObject = 577A67FA233EEF0000AAEE33 /* Project object */;
}
